{
    "nome" : " att4.3 " ,
    "lockfileVersion" : 2 ,
    "requer" : true ,
    "pacotes" : {
      "" : {
        "dependências" : {
          "correios-brasil" : " ^3.0.4 "
        }
      },
      "node_modules/asynckit" : {
        "versão" : " 0.4.0 " ,
        "resolvido" : " https://registry.npmjs.org/asynckit/-/asynckit-0.4.0.tgz " ,
        "integridade" : " sha512-Oei9OH4tRh0YqU3GxhX79dM/mwVgvbZJaSNaRk+bshkj0S5cfHcgYakreBjrHwatXKbz+IoIdYLxrKim2MjW0Q== "
      },
      "node_modules/axios" : {
        "versão" : " 1.2.4 " ,
        "resolvido" : " https://registry.npmjs.org/axios/-/axios-1.2.4.tgz " ,
        "integridade" : " sha512-lIQuCfBJvZB/Bv7+RWUqEJqNShGOVpk9v7P0ZWx5Ip0qY6u7JBAU6dzQPMLasU9vHL2uD8av/1FDJXj7n6c39w== " ,
        "dependências" : {
          "follow-redirects" : " ^1.15.0 " ,
          "dados do formulário" : " ^4.0.0 " ,
          "proxy-from-env" : " ^1.1.0 "
        }
      },
      "node_modules/combined-stream" : {
        "versão" : " 1.0.8 " ,
        "resolvido" : " https://registry.npmjs.org/combined-stream/-/combined-stream-1.0.8.tgz " ,
        "integridade" : " sha512-FQN4MRfuJeHf7cBbBMJFXhKSDq+2kAArBlmRBvcvFE5BB1HZKXtSFASDhdlz9zOYwxh8lDdnvmMOe/+5cdoEdg== " ,
        "dependências" : {
          "stream atrasado" : " ~1.0.0 "
        },
        "motores" : {
          "nó" : " >= 0.8 "
        }
      },
      "node_modules/correios-brasil" : {
        "versão" : " 3.0.4 " ,
        "resolvido" : " https://registry.npmjs.org/correios-brasil/-/correios-brasil-3.0.4.tgz " ,
        "integridade" : " sha512-HNxjDTnpkvPAQpXIHQLEo155QIbAwPPMNr3/+VbeUBqSLINP1fl4mrRK14F5NsriitUvbm9iA7ddo3avR/vBxg== " ,
        "dependências" : {
          "axios" : " ^1.2.2 " ,
          "iconv-lite" : " ^0.6.3 " ,
          "xml-js" : " ^1.6.11 "
        }
      },
      "node_modules/delayed-stream" : {
        "versão" : " 1.0.0 " ,
        "resolvido" : " https://registry.npmjs.org/delayed-stream/-/delayed-stream-1.0.0.tgz " ,
        "integridade" : " sha512-ZySD7Nf91aLB0RxL4KGrKHBXl7Eds1DAmEdcoVawXnLD7SDhpNgtuII2aAkg7a7QS41jxPSZ17p4VdGnMHk3MQ== " ,
        "motores" : {
          "nó" : " >=0.4.0 "
        }
      },
      "node_modules/follow-redirects" : {
        "versão" : " 1.15.2 " ,
        "resolvido" : " https://registry.npmjs.org/follow-redirects/-/follow-redirects-1.15.2.tgz " ,
        "integridade" : " sha512-VQLG33o04KaQ8uYi2tVNbdrWp1QWxNNea+nmIB4EVM28v0hmP17z7aG1+wAkNzVq4KeXTq3221ye5qTJP91JwA== " ,
        "financiamento" : [
          {
            "tipo" : " individual " ,
            "url" : " https://github.com/sponsors/RubenVerborgh "
          }
        ],
        "motores" : {
          "nó" : " >=4.0 "
        },
        "peerDependenciesMeta" : {
          "depurar" : {
            "opcional" : true
          }
        }
      },
      "node_modules/form-data" : {
        "versão" : " 4.0.0 " ,
        "resolvido" : " https://registry.npmjs.org/form-data/-/form-data-4.0.0.tgz " ,
        "integridade" : " sha512-ETEklSGi5t0QMZuiXoA/Q6vcnxcLQP5vdugSpuAyi6SVGi2clPPp+xgEhuMaHC+zGgn31Kd235W35f7Hykkaww== " ,
        "dependências" : {
          "asynckit" : " ^0.4.0 " ,
          "fluxo combinado" : " ^1.0.8 " ,
          "tipos mime" : " ^2.1.12 "
        },
        "motores" : {
          "nó" : " >= 6 "
        }
      },
      "node_modules/iconv-lite" : {
        "versão" : " 0.6.3 " ,
        "resolvido" : " https://registry.npmjs.org/iconv-lite/-/iconv-lite-0.6.3.tgz " ,
        "integridade" : " sha512-4fCk79wshMdzMp2rH06qWrJE4iolqLhCUH+OiuIgU++RB0+94NlDL81atO7GX55uUKueo0txHNtvEyI6D7WdMw== " ,
        "dependências" : {
          "safer-buffer" : " >= 2.1.2 < 3.0.0 "
        },
        "motores" : {
          "nó" : " >=0.10.0 "
        }
      },
      "node_modules/mime-db" : {
        "versão" : " 1.52.0 " ,
        "resolvido" : " https://registry.npmjs.org/mime-db/-/mime-db-1.52.0.tgz " ,
        "integridade" : " sha512-sPU4uV7dYlvtWJxwwxHD0PuihVNiE7TyAbQ5SWxDCB9mUYvOgroQOwYQQOKPJ8CIbE+1ETVlOoK1UC2nU3gYvg== " ,
        "motores" : {
          "nó" : " >= 0.6 "
        }
      },
      "node_modules/mime-types" : {
        "versão" : " 2.1.35 " ,
        "resolvido" : " https://registry.npmjs.org/mime-types/-/mime-types-2.1.35.tgz " ,
        "integridade" : " sha512-ZDY+bPm5zTTF+YpCrAU9nK0UgICYPT0QtT1NZWFv4s++TNkcgVaT0g6+4R2uI4MjQjzysHB1zxuWL50hzaeXiw== " ,
        "dependências" : {
          "mime-db" : " 1.52.0 "
        },
        "motores" : {
          "nó" : " >= 0.6 "
        }
      },
      "node_modules/proxy-from-env" : {
        "versão" : " 1.1.0 " ,
        "resolvido" : " https://registry.npmjs.org/proxy-from-env/-/proxy-from-env-1.1.0.tgz " ,
        "integridade" : " sha512-D+zkORCbA9f1tdWRK0RaCR3GPv50cMxcrz4X8k5LTSUD1Dkw47mKJEZQNunItRTkWwgtaUSo1RVFRIG9ZXiFYg== "
      },
      "node_modules/safer-buffer" : {
        "versão" : " 2.1.2 " ,
        "resolvido" : " https://registry.npmjs.org/safer-buffer/-/safer-buffer-2.1.2.tgz " ,
        "integridade" : " sha512-YZo3K82SD7Riyi0E1EQPojLz7kpepnSQI9IyPbHHg1XXXevb5dJI7tpyN2ADxGcQbHG7vcyRHk0cbwqcQriUtg== "
      },
      "node_modules/sax" : {
        "versão" : " 1.2.4 " ,
        "resolvido" : " https://registry.npmjs.org/sax/-/sax-1.2.4.tgz " ,
        "integridade" : " sha512-NqVDv9TpANUjFm0N8uM5GxL36UgKi9/atZw+x7YFnQ8ckwFGKrl4xX4yWtrey3UJm5nP1kUbnYgLopqWNSRhWw== "
      },
      "node_modules/xml-js" : {
        "versão" : " 1.6.11 " ,
        "resolvido" : " https://registry.npmjs.org/xml-js/-/xml-js-1.6.11.tgz " ,
        "integridade" : " sha512-7rVi2KMfwfWFl+GpPg6m80IVMWXLRjO+PxTq7V2CDhoGak0wzYzFgUY2m4XJ47OGdXd8eLE8EmwfAmdjw7lC1g== " ,
        "dependências" : {
          "sax" : " ^1.2.4 "
        },
        "bin" : {
          "xml-js" : " bin/cli.js "
        }
      }
    },
    "dependências" : {
      "asynckit" : {
        "versão" : " 0.4.0 " ,
        "resolvido" : " https://registry.npmjs.org/asynckit/-/asynckit-0.4.0.tgz " ,
        "integridade" : " sha512-Oei9OH4tRh0YqU3GxhX79dM/mwVgvbZJaSNaRk+bshkj0S5cfHcgYakreBjrHwatXKbz+IoIdYLxrKim2MjW0Q== "
      },
      "axio" : {
        "versão" : " 1.2.4 " ,
        "resolvido" : " https://registry.npmjs.org/axios/-/axios-1.2.4.tgz " ,
        "integridade" : " sha512-lIQuCfBJvZB/Bv7+RWUqEJqNShGOVpk9v7P0ZWx5Ip0qY6u7JBAU6dzQPMLasU9vHL2uD8av/1FDJXj7n6c39w== " ,
        "requer" : {
          "follow-redirects" : " ^1.15.0 " ,
          "dados do formulário" : " ^4.0.0 " ,
          "proxy-from-env" : " ^1.1.0 "
        }
      },
      "fluxo combinado" : {
        "versão" : " 1.0.8 " ,
        "resolvido" : " https://registry.npmjs.org/combined-stream/-/combined-stream-1.0.8.tgz " ,
        "integridade" : " sha512-FQN4MRfuJeHf7cBbBMJFXhKSDq+2kAArBlmRBvcvFE5BB1HZKXtSFASDhdlz9zOYwxh8lDdnvmMOe/+5cdoEdg== " ,
        "requer" : {
          "stream atrasado" : " ~1.0.0 "
        }
      },
      "correios-brasil" : {
        "versão" : " 3.0.4 " ,
        "resolvido" : " https://registry.npmjs.org/correios-brasil/-/correios-brasil-3.0.4.tgz " ,
        "integridade" : " sha512-HNxjDTnpkvPAQpXIHQLEo155QIbAwPPMNr3/+VbeUBqSLINP1fl4mrRK14F5NsriitUvbm9iA7ddo3avR/vBxg== " ,
        "requer" : {
          "axios" : " ^1.2.2 " ,
          "iconv-lite" : " ^0.6.3 " ,
          "xml-js" : " ^1.6.11 "
        }
      },
      "fluxo atrasado" : {
        "versão" : " 1.0.0 " ,
        "resolvido" : " https://registry.npmjs.org/delayed-stream/-/delayed-stream-1.0.0.tgz " ,
        "integridade" : " sha512-ZySD7Nf91aLB0RxL4KGrKHBXl7Eds1DAmEdcoVawXnLD7SDhpNgtuII2aAkg7a7QS41jxPSZ17p4VdGnMHk3MQ== "
      },
      "follow-redirects" : {
        "versão" : " 1.15.2 " ,
        "resolvido" : " https://registry.npmjs.org/follow-redirects/-/follow-redirects-1.15.2.tgz " ,
        "integridade" : " sha512-VQLG33o04KaQ8uYi2tVNbdrWp1QWxNNea+nmIB4EVM28v0hmP17z7aG1+wAkNzVq4KeXTq3221ye5qTJP91JwA== "
      },
      "dados do formulário" : {
        "versão" : " 4.0.0 " ,
        "resolvido" : " https://registry.npmjs.org/form-data/-/form-data-4.0.0.tgz " ,
        "integridade" : " sha512-ETEklSGi5t0QMZuiXoA/Q6vcnxcLQP5vdugSpuAyi6SVGi2clPPp+xgEhuMaHC+zGgn31Kd235W35f7Hykkaww== " ,
        "requer" : {
          "asynckit" : " ^0.4.0 " ,
          "fluxo combinado" : " ^1.0.8 " ,
          "tipos mime" : " ^2.1.12 "
        }
      },
      "iconv-lite" : {
        "versão" : " 0.6.3 " ,
        "resolvido" : " https://registry.npmjs.org/iconv-lite/-/iconv-lite-0.6.3.tgz " ,
        "integridade" : " sha512-4fCk79wshMdzMp2rH06qWrJE4iolqLhCUH+OiuIgU++RB0+94NlDL81atO7GX55uUKueo0txHNtvEyI6D7WdMw== " ,
        "requer" : {
          "safer-buffer" : " >= 2.1.2 < 3.0.0 "
        }
      },
      "mime-db" : {
        "versão" : " 1.52.0 " ,
        "resolvido" : " https://registry.npmjs.org/mime-db/-/mime-db-1.52.0.tgz " ,
        "integridade" : " sha512-sPU4uV7dYlvtWJxwwxHD0PuihVNiE7TyAbQ5SWxDCB9mUYvOgroQOwYQQOKPJ8CIbE+1ETVlOoK1UC2nU3gYvg== "
      },
      "tipos mime" : {
        "versão" : " 2.1.35 " ,
        "resolvido" : " https://registry.npmjs.org/mime-types/-/mime-types-2.1.35.tgz " ,
        "integridade" : " sha512-ZDY+bPm5zTTF+YpCrAU9nK0UgICYPT0QtT1NZWFv4s++TNkcgVaT0g6+4R2uI4MjQjzysHB1zxuWL50hzaeXiw== " ,
        "requer" : {
          "mime-db" : " 1.52.0 "
        }
      },
      "proxy-from-env" : {
        "versão" : " 1.1.0 " ,
        "resolvido" : " https://registry.npmjs.org/proxy-from-env/-/proxy-from-env-1.1.0.tgz " ,
        "integridade" : " sha512-D+zkORCbA9f1tdWRK0RaCR3GPv50cMxcrz4X8k5LTSUD1Dkw47mKJEZQNunItRTkWwgtaUSo1RVFRIG9ZXiFYg== "
      },
      "buffer mais seguro" : {
        "versão" : " 2.1.2 " ,
        "resolvido" : " https://registry.npmjs.org/safer-buffer/-/safer-buffer-2.1.2.tgz " ,
        "integridade" : " sha512-YZo3K82SD7Riyi0E1EQPojLz7kpepnSQI9IyPbHHg1XXXevb5dJI7tpyN2ADxGcQbHG7vcyRHk0cbwqcQriUtg== "
      },
      "sax" : {
        "versão" : " 1.2.4 " ,
        "resolvido" : " https://registry.npmjs.org/sax/-/sax-1.2.4.tgz " ,
        "integridade" : " sha512-NqVDv9TpANUjFm0N8uM5GxL36UgKi9/atZw+x7YFnQ8ckwFGKrl4xX4yWtrey3UJm5nP1kUbnYgLopqWNSRhWw== "
      },
      "xml-js" : {
        "versão" : " 1.6.11 " ,
        "resolvido" : " https://registry.npmjs.org/xml-js/-/xml-js-1.6.11.tgz " ,
        "integridade" : " sha512-7rVi2KMfwfWFl+GpPg6m80IVMWXLRjO+PxTq7V2CDhoGak0wzYzFgUY2m4XJ47OGdXd8eLE8EmwfAmdjw7lC1g== " ,
        "requer" : {
          "sax" : " ^1.2.4 "
        }
      }
    }
  }