{
    "nome" : " atividade3.2 " ,
    "versão" : " 1.0.0 " ,
    "lockfileVersion" : 2 ,
    "requer" : true ,
    "pacotes" : {
      "" : {
        "nome" : " atividade3.2 " ,
        "versão" : " 1.0.0 " ,
        "licença" : " ISC " ,
        "dependências" : {
          "expresso" : " ^4.18.2 "
        }
      },
      "node_modules/aceita" : {
        "versão" : " 1.3.8 " ,
        "resolvido" : " https://registry.npmjs.org/accepts/-/accepts-1.3.8.tgz " ,
        "integridade" : " sha512-PYAthTa2m2VKxuvSD3DPC/Gy+U+sOA1LAuT8mkmRuvw+NACSaeXEQ+NHcVF7rONl6qcaxV3Uuemwawk+7+SJLw== " ,
        "dependências" : {
          "tipos mime" : " ~2.1.34 " ,
          "negociador" : " 0.6.3 "
        },
        "motores" : {
          "nó" : " >= 0.6 "
        }
      },
      "node_modules/array-flatten" : {
        "versão" : " 1.1.1 " ,
        "resolvido" : " https://registry.npmjs.org/array-flatten/-/array-flatten-1.1.1.tgz " ,
        "integridade" : " sha512-PCVAQswWemu6UdxsDFFX/+gVeYqKAod3D3UVm91jHwynguOwAvYPhx8nNlM++NqRcK6CxxpUafjmhIdKiHibqg== "
      },
      "node_modules/body-parser" : {
        "versão" : " 1.20.1 " ,
        "resolvido" : " https://registry.npmjs.org/body-parser/-/body-parser-1.20.1.tgz " ,
        "integridade" : " sha512-jWi7abTbYwajOytWCQc37VulmWiRae5RyTpaCyDcS5/lMdtwSz5lOpDE67srw/HYe35f1z3fDQw+3txg7gNtWw== " ,
        "dependências" : {
          "bytes" : " 3.1.2 " ,
          "tipo de conteúdo" : " ~1.0.4 " ,
          "depurar" : " 2.6.9 " ,
          "depd" : " 2.0.0 " ,
          "destruir" : " 1.2.0 " ,
          "http-errors" : " 2.0.0 " ,
          "iconv-lite" : " 0.4.24 " ,
          "concluído" : " 2.4.1 " ,
          "qs" : " 6.11.0 " ,
          "corpo bruto" : " 2.5.1 " ,
          "type-is" : " ~1.6.18 " ,
          "unpipe" : " 1.0.0 "
        },
        "motores" : {
          "nó" : " >= 0,8 " ,
          "npm" : " 1.2.8000 || >= 1.4.16 "
        }
      },
      "node_modules/bytes" : {
        "versão" : " 3.1.2 " ,
        "resolvido" : " https://registry.npmjs.org/bytes/-/bytes-3.1.2.tgz " ,
        "integridade" : " sha512-/Nf7TyzTx6S3yRJObOAV7956r8cr2+Oj8AC5dt8wSP3BQAoeX58NoHyCU8P8zGkNXStjTSi6fzO6F0pBdcYbEg== " ,
        "motores" : {
          "nó" : " >= 0.8 "
        }
      },
      "node_modules/call-bind" : {
        "versão" : " 1.0.2 " ,
        "resolvido" : " https://registry.npmjs.org/call-bind/-/call-bind-1.0.2.tgz " ,
        "integridade" : " sha512-7O+FbCihrB5WGbFYesctwmTKae6rOiIzmz1icreWJ+0aA7LJfuqhEso2T9ncpcFtzMQtzXf2QGGueWJGTYsqrA== " ,
        "dependências" : {
          "função-bind" : " ^1.1.1 " ,
          "get-intrinsic" : " ^1.0.2 "
        },
        "financiamento" : {
          "url" : " https://github.com/sponsors/ljharb "
        }
      },
      "node_modules/content-disposition" : {
        "versão" : " 0.5.4 " ,
        "resolvido" : " https://registry.npmjs.org/content-disposition/-/content-disposition-0.5.4.tgz " ,
        "integridade" : " sha512-FveZTNuGw04cxlAiWbzi6zTAL/lhehaWbTtgluJh4/E95DqMwTmha3KZN1aAWA8cFIhHzMZUvLevkw5Rqk+tSQ== " ,
        "dependências" : {
          "safe-buffer" : " 5.2.1 "
        },
        "motores" : {
          "nó" : " >= 0.6 "
        }
      },
      "node_modules/content-type" : {
        "versão" : " 1.0.4 " ,
        "resolvido" : " https://registry.npmjs.org/content-type/-/content-type-1.0.4.tgz " ,
        "integridade" : " sha512-hIP3EEPs8tB9AT1L+NUqtwOAps4mk2Zob89MWXMHjHWg9milF/j4osnnQLXBCBFBk/tvIG/tUc9mOUJiPBhPXA== " ,
        "motores" : {
          "nó" : " >= 0.6 "
        }
      },
      "node_modules/cookie" : {
        "versão" : " 0.5.0 " ,
        "resolvido" : " https://registry.npmjs.org/cookie/-/cookie-0.5.0.tgz " ,
        "integridade" : " sha512-YZ3GUyn/o8gfKJlnlX7g7xq4gyO6OSuhGPKaaGssGB2qgDUS0gPgtTvoyZLTt9Ab6dC4hfc9dV5arkvc/OCmrw== " ,
        "motores" : {
          "nó" : " >= 0.6 "
        }
      },
      "node_modules/cookie-signature" : {
        "versão" : " 1.0.6 " ,
        "resolvido" : " https://registry.npmjs.org/cookie-signature/-/cookie-signature-1.0.6.tgz " ,
        "integridade" : " sha512-QADzlaHc8icV8I7vbaJXJwod9HWYp8uCqf1xa4OfNu1T7JVxQIrUgOWtHdNDtPiywmFbiS12VjotIXLrKM3orQ== "
      },
      "node_modules/debug" : {
        "versão" : " 2.6.9 " ,
        "resolvido" : " https://registry.npmjs.org/debug/-/debug-2.6.9.tgz " ,
        "integridade" : " sha512-bC7ElrdJaJnPbAP+1EotYvqZsb3ecl5wi6Bfi6BJTUcNowp6cvspg0jXznRTKDjm/E7AdgFBVeAPVMNcKGsHMA== " ,
        "dependências" : {
          "ms" : " 2.0.0 "
        }
      },
      "node_modules/depd" : {
        "versão" : " 2.0.0 " ,
        "resolvido" : " https://registry.npmjs.org/depd/-/depd-2.0.0.tgz " ,
        "integridade" : " sha512-g7nH6P6dyDioJogAAGprGpCtVImJhpPk/roCzdb3fIh61/s/nPsfR6onyMwkCAR/OlC3yBC0lESvUoQEAssIrw== " ,
        "motores" : {
          "nó" : " >= 0.8 "
        }
      },
      "node_modules/destroy" : {
        "versão" : " 1.2.0 " ,
        "resolvido" : " https://registry.npmjs.org/destroy/-/destroy-1.2.0.tgz " ,
        "integridade" : " sha512-2sJGJTaXIIaR1w4iJSNoN0hnMY7Gpc/n8D4qSCJw8QqFWXf7cuAgnEHxBpweaVcPevC2l3KpjYCx3NypQQgaJg== " ,
        "motores" : {
          "nó" : " >= 0,8 " ,
          "npm" : " 1.2.8000 || >= 1.4.16 "
        }
      },
      "node_modules/ee-first" : {
        "versão" : " 1.1.1 " ,
        "resolvido" : " https://registry.npmjs.org/ee-first/-/ee-first-1.1.1.tgz " ,
        "integridade" : " sha512-WMwm9LhRUo+WUaRN+vRuETqG89IgZphVSNkdFgeb6sS/E4OrDIN7t48CAewSHXc6C8lefD8KKfr5vY61brQlow== "
      },
      "node_modules/encodeurl" : {
        "versão" : " 1.0.2 " ,
        "resolvido" : " https://registry.npmjs.org/encodeurl/-/encodeurl-1.0.2.tgz " ,
        "integridade" : " sha512-TPJXq8JqFaVYm2CWmPvnP2Iyo4ZSM7/QKcSmuMLDObfpH5fi7RUGmd/rTDf+rut/saiDiQEeVTNgAmJEdAOx0w== " ,
        "motores" : {
          "nó" : " >= 0.8 "
        }
      },
      "node_modules/escape-html" : {
        "versão" : " 1.0.3 " ,
        "resolvido" : " https://registry.npmjs.org/escape-html/-/escape-html-1.0.3.tgz " ,
        "integridade" : " sha512-NiSupZ4OeuGwr68lGIeym/ksIZMJodUGOSCZ/FSnTxcrekbvqrgdUxlJOMpijaKZVjAJrWrGs/6Jy8OMuyj9ow== "
      },
      "node_modules/etag" : {
        "versão" : " 1.8.1 " ,
        "resolvido" : " https://registry.npmjs.org/etag/-/etag-1.8.1.tgz " ,
        "integridade" : " sha512-aIL5Fx7mawVa300al2BnEE4iNvo1qETxLrPI/o05L7z6go7fCw1J6EQmbK4FmJ2AS7kgVF/KEZWufBfdClMcPg== " ,
        "motores" : {
          "nó" : " >= 0.6 "
        }
      },
      "node_modules/express" : {
        "versão" : " 4.18.2 " ,
        "resolvido" : " https://registry.npmjs.org/express/-/express-4.18.2.tgz " ,
        "integridade" : " sha512-5/PsL6iGPdfQ/lKM1UuielYgv3BUoJfz1aUwU9vHZ+J7gyvwdQXFEBIEIaxeGf0GIcreATNyBExtalisDbuMqQ== " ,
        "dependências" : {
          "aceita" : " ~1.3.8 " ,
          "array-flatten" : " 1.1.1 " ,
          "analisador de corpo" : " 1.20.1 " ,
          "disposição de conteúdo" : " 0.5.4 " ,
          "tipo de conteúdo" : " ~1.0.4 " ,
          "cookie" : " 0.5.0 " ,
          "assinatura de cookie" : " 1.0.6 " ,
          "depurar" : " 2.6.9 " ,
          "depd" : " 2.0.0 " ,
          "encodeurl" : " ~1.0.2 " ,
          "escape-html" : " ~1.0.3 " ,
          "etag" : " ~1.8.1 " ,
          "finalhandler" : " 1.2.0 " ,
          "fresco" : " 0.5.2 " ,
          "http-errors" : " 2.0.0 " ,
          "descritores de mesclagem" : " 1.0.1 " ,
          "métodos" : " ~1.1.2 " ,
          "concluído" : " 2.4.1 " ,
          "parseurl" : " ~1.3.3 " ,
          "path-to-regexp" : " 0.1.7 " ,
          "proxy-addr" : " ~2.0.7 " ,
          "qs" : " 6.11.0 " ,
          "range-parser" : " ~1.2.1 " ,
          "buffer seguro" : " 5.2.1 " ,
          "enviar" : " 0.18.0 " ,
          "serve-static" : " 1.15.0 " ,
          "setprototypeof" : " 1.2.0 " ,
          "status" : " 2.0.1 " ,
          "type-is" : " ~1.6.18 " ,
          "utils-merge" : " 1.0.1 " ,
          "variar" : " ~1.1.2 "
        },
        "motores" : {
          "nó" : " >= 0.10.0 "
        }
      },
      "node_modules/finalhandler" : {
        "versão" : " 1.2.0 " ,
        "resolvido" : " https://registry.npmjs.org/finalhandler/-/finalhandler-1.2.0.tgz " ,
        "integridade" : " sha512-5uXcUVftlQMFnWC9qu/svkWv3GTd2PfUhK/3PLkYNAe7FbqJMt3515HaxE6eRL74GdsriiwujiawdaB1BpEISg== " ,
        "dependências" : {
          "depurar" : " 2.6.9 " ,
          "encodeurl" : " ~1.0.2 " ,
          "escape-html" : " ~1.0.3 " ,
          "concluído" : " 2.4.1 " ,
          "parseurl" : " ~1.3.3 " ,
          "status" : " 2.0.1 " ,
          "unpipe" : " ~1.0.0 "
        },
        "motores" : {
          "nó" : " >= 0.8 "
        }
      },
      "node_modules/forwarded" : {
        "versão" : " 0.2.0 " ,
        "resolvido" : " https://registry.npmjs.org/forwarded/-/forwarded-0.2.0.tgz " ,
        "integridade" : " sha512-buRG0fpBtRHSTCOASe6hD258tEubFoRLb4ZNA6NxMVHNw2gOcwHo9wyablzMzOA5z9xA9L1KNjk/Nt6MT9aYow== " ,
        "motores" : {
          "nó" : " >= 0.6 "
        }
      },
      "node_modules/fresh" : {
        "versão" : " 0.5.2 " ,
        "resolvido" : " https://registry.npmjs.org/fresh/-/fresh-0.5.2.tgz " ,
        "integridade" : " sha512-zJ2mQYM18rEFOudeV4GShTGIQ7RbzA7ozbU9I/XBpm7kqgMywgmylMwXHxZJmkVoYkna9d2pVXVXPdYTP9ej8Q== " ,
        "motores" : {
          "nó" : " >= 0.6 "
        }
      },
      "node_modules/função-bind" : {
        "versão" : " 1.1.1 " ,
        "resolvido" : " https://registry.npmjs.org/function-bind/-/function-bind-1.1.1.tgz " ,
        "integridade" : " sha512-yIovAzMX49sF8Yl58fSCWJ5svSLuaibPxXQJFLmBObTuCr0Mf1KiPopGM9NiFjiYBCbfaa2Fh6breQ6ANVTI0A== "
      },
      "node_modules/get-intrinsic" : {
        "versão" : " 1.2.0 " ,
        "resolvido" : " https://registry.npmjs.org/get-intrinsic/-/get-intrinsic-1.2.0.tgz " ,
        "integridade" : " sha512-L049y6nFOuom5wGyRc3/gdTLO94dySVKRACj1RmJZBQXlbTMhtNIgkWkUHq+jYmZvKf14EW1EoJnnjbmoHij0Q== " ,
        "dependências" : {
          "função-bind" : " ^1.1.1 " ,
          "tem" : " ^1.0.3 " ,
          "tem-símbolos" : " ^1.0.3 "
        },
        "financiamento" : {
          "url" : " https://github.com/sponsors/ljharb "
        }
      },
      "node_modules/has" : {
        "versão" : " 1.0.3 " ,
        "resolvido" : " https://registry.npmjs.org/has/-/has-1.0.3.tgz " ,
        "integridade" : " sha512-f2dvO0VU6Oej7RkWJGrehjbzMAjFp5/VKPp5tTpWIV4JHHZK1/BxbFRtf/siA2SWTe09caDmVtYYzWEIbBS4zw== " ,
        "dependências" : {
          "função-bind" : " ^1.1.1 "
        },
        "motores" : {
          "nó" : " >= 0.4.0 "
        }
      },
      "node_modules/has-symbols" : {
        "versão" : " 1.0.3 " ,
        "resolvido" : " https://registry.npmjs.org/has-symbols/-/has-symbols-1.0.3.tgz " ,
        "integridade" : " sha512-l3LCuF6MgDNwTDKkdYGEihYjt5pRPbEg46rtlmnSPlUbgmB8LOIrKJbYYFBSbnPaJexMKtiPO8hmeRjRz2Td+A== " ,
        "motores" : {
          "nó" : " >= 0.4 "
        },
        "financiamento" : {
          "url" : " https://github.com/sponsors/ljharb "
        }
      },
      "node_modules/http-errors" : {
        "versão" : " 2.0.0 " ,
        "resolvido" : " https://registry.npmjs.org/http-errors/-/http-errors-2.0.0.tgz " ,
        "integridade" : " sha512-FtwrG/euBzaEjYeRqOgly7G0qviiXoJWnvEH2Z1plBdXgbyjv34pHTSb9zoeHMyDy33+DWy5Wt9Wo+TURtOYSQ== " ,
        "dependências" : {
          "depd" : " 2.0.0 " ,
          "herda" : " 2.0.4 " ,
          "setprototypeof" : " 1.2.0 " ,
          "status" : " 2.0.1 " ,
          "toidentifier" : " 1.0.1 "
        },
        "motores" : {
          "nó" : " >= 0.8 "
        }
      },
      "node_modules/iconv-lite" : {
        "versão" : " 0.4.24 " ,
        "resolvido" : " https://registry.npmjs.org/iconv-lite/-/iconv-lite-0.4.24.tgz " ,
        "integridade" : " sha512-v3MXnZAcvnywkTUEZomIActle7RXXeedOR31wwl7VlyoXO4Qi9arvSenNQWne1TcRwhCL1HwLI21bEqdpj8/rA== " ,
        "dependências" : {
          "safer-buffer" : " >= 2.1.2 < 3 "
        },
        "motores" : {
          "nó" : " >=0.10.0 "
        }
      },
      "node_modules/inherits" : {
        "versão" : " 2.0.4 " ,
        "resolvido" : " https://registry.npmjs.org/inherits/-/inherits-2.0.4.tgz " ,
        "integridade" : " sha512-k/vGaX4/Yla3WzyMCvTQOXYeIHvqOKtnqBduzTHpzpQZzAskKMhZ2K+EnBiSM9zGSoIFeMpXKxa4dYeZIQqewQ== "
      },
      "node_modules/ipaddr.js" : {
        "versão" : " 1.9.1 " ,
        "resolvido" : " https://registry.npmjs.org/ipaddr.js/-/ipaddr.js-1.9.1.tgz " ,
        "integridade" : " sha512-0KI/607xoxSToH7GjN1FfSbLoU0+btTicjsQSWQlh/hZykN8KpmMf7uYwPW3R+akZ6R/w18ZlXSHBYXiYUPO3g== " ,
        "motores" : {
          "nó" : " >= 0.10 "
        }
      },
      "node_modules/media-typer" : {
        "versão" : " 0.3.0 " ,
        "resolvido" : " https://registry.npmjs.org/media-typer/-/media-typer-0.3.0.tgz " ,
        "integridade" : " sha512-dq+qelQ9akHpcOl/gUVRTxVIOkAJ1wR3QAvb4RsVjS8oVoFjDGTc679wJYmUmknUF5HwMLOgb5O+a3KxfWapPQ== " ,
        "motores" : {
          "nó" : " >= 0.6 "
        }
      },
      "node_modules/merge-descriptors" : {
        "versão" : " 1.0.1 " ,
        "resolvido" : " https://registry.npmjs.org/merge-descriptors/-/merge-descriptors-1.0.1.tgz " ,
        "integridade" : " sha512-cCi6g3/Zr1iqQi6ySbseM1Xvooa98N0w31jzUYrXPX2xqObmFGHJ0tQ5u74H3mVh7wLouTseZyYIq39g8cNp1w== "
      },
      "node_modules/métodos" : {
        "versão" : " 1.1.2 " ,
        "resolvido" : " https://registry.npmjs.org/methods/-/methods-1.1.2.tgz " ,
        "integridade" : " sha512-iclAHeNqNm68zFtnZ0e+1L2yUIdvzNoauKU4WBA3VvH/vPFieF7qfRlwUZU+DA9P9bPXIS90ulxoUoCH23sV2w== " ,
        "motores" : {
          "nó" : " >= 0.6 "
        }
      },
      "node_modules/mime" : {
        "versão" : " 1.6.0 " ,
        "resolvido" : " https://registry.npmjs.org/mime/-/mime-1.6.0.tgz " ,
        "integridade" : " sha512-x0Vn8spI+wuJ1O6S7gnbaQg8Pxh4NNHb7KSINmEWKiPE4RKOplvijn+NkmYmmRgP68mc70j2EbeTFRsrswaQeg== " ,
        "bin" : {
          "mime" : " cli.js "
        },
        "motores" : {
          "nó" : " >=4 "
        }
      },
      "node_modules/mime-db" : {
        "versão" : " 1.52.0 " ,
        "resolvido" : " https://registry.npmjs.org/mime-db/-/mime-db-1.52.0.tgz " ,
        "integridade" : " sha512-sPU4uV7dYlvtWJxwwxHD0PuihVNiE7TyAbQ5SWxDCB9mUYvOgroQOwYQQOKPJ8CIbE+1ETVlOoK1UC2nU3gYvg== " ,
        "motores" : {
          "nó" : " >= 0.6 "
        }
      },
      "node_modules/mime-types" : {
        "versão" : " 2.1.35 " ,
        "resolvido" : " https://registry.npmjs.org/mime-types/-/mime-types-2.1.35.tgz " ,
        "integridade" : " sha512-ZDY+bPm5zTTF+YpCrAU9nK0UgICYPT0QtT1NZWFv4s++TNkcgVaT0g6+4R2uI4MjQjzysHB1zxuWL50hzaeXiw== " ,
        "dependências" : {
          "mime-db" : " 1.52.0 "
        },
        "motores" : {
          "nó" : " >= 0.6 "
        }
      },
      "node_modules/ms" : {
        "versão" : " 2.0.0 " ,
        "resolvido" : " https://registry.npmjs.org/ms/-/ms-2.0.0.tgz " ,
        "integridade" : " sha512-Tpp60P6IUJDTuOq/5Z8cdskzJujfwqfOTkrwIwj7IRISpnkJnT6SyJ4PCPnGMoFjC9ddhal5KVIYtAt97ix05A== "
      },
      "node_modules/negociador" : {
        "versão" : " 0.6.3 " ,
        "resolvido" : " https://registry.npmjs.org/negotiator/-/negotiator-0.6.3.tgz " ,
        "integridade" : " sha512-+EUsqGPLsM+j/zdChZjsnX51g4XrHFOIXwfnCVPGlQk/k5giakcKsuxCObBRu6DSm9opw/O6slWbJdghQM4bBg== " ,
        "motores" : {
          "nó" : " >= 0.6 "
        }
      },
      "node_modules/object-inspect" : {
        "versão" : " 1.12.3 " ,
        "resolvido" : " https://registry.npmjs.org/object-inspect/-/object-inspect-1.12.3.tgz " ,
        "integridade" : " sha512-geUvdk7c+eizMNUDkRpW1wJwgfOiOeHbxBR/hLXK1aT6zmVSO0jsQcs7fj6MGw89jC/cjGfLcNOrtMYtGqm81g== " ,
        "financiamento" : {
          "url" : " https://github.com/sponsors/ljharb "
        }
      },
      "node_modules/on-finished" : {
        "versão" : " 2.4.1 " ,
        "resolvido" : " https://registry.npmjs.org/on-finished/-/on-finished-2.4.1.tgz " ,
        "integridade" : " sha512-oVlzkg3ENAhCk2zdv7IJwd/QUD4z2RxRwpkcGY8psCVcCYZNq4wYnVWALHM+brtuJjePWiYF/ClmuDr8Ch5+kg== " ,
        "dependências" : {
          "ee-first" : " 1.1.1 "
        },
        "motores" : {
          "nó" : " >= 0.8 "
        }
      },
      "node_modules/parseurl" : {
        "versão" : " 1.3.3 " ,
        "resolvido" : " https://registry.npmjs.org/parseurl/-/parseurl-1.3.3.tgz " ,
        "integridade" : " sha512-CiyeOxFT/JZyN5m0z9PfXw4SCBJ6Sygz1Dpl0wqjlhDEGGBP1GnsUVEL0p63hoG1fcj3fHynXi9NYO4nWOL+qQ== " ,
        "motores" : {
          "nó" : " >= 0.8 "
        }
      },
      "node_modules/path-to-regexp" : {
        "versão" : " 0.1.7 " ,
        "resolvido" : " https://registry.npmjs.org/path-to-regexp/-/path-to-regexp-0.1.7.tgz " ,
        "integridade" : " sha512-5DFkuoqlv1uYQKxy8omFBeJPQcdoE07Kv2sferDCrAq1ohOU+MSDswDIbnx3YAM60qIonYa53wBhXW0EbMonrQ== "
      },
      "node_modules/proxy-addr" : {
        "versão" : " 2.0.7 " ,
        "resolvido" : " https://registry.npmjs.org/proxy-addr/-/proxy-addr-2.0.7.tgz " ,
        "integridade" : " sha512-llQsMLSUDUPT44jdrU/O37qlnifitDP+ZwrmmZcoSKyLKvtZxpyV0n2/bD/N4tBAAZ/gJEdZU7KMraoK1+XYAg== " ,
        "dependências" : {
          "encaminhado" : " 0.2.0 " ,
          "ipaddr.js" : " 1.9.1 "
        },
        "motores" : {
          "nó" : " >= 0.10 "
        }
      },
      "node_modules/qs" : {
        "versão" : " 6.11.0 " ,
        "resolvido" : " https://registry.npmjs.org/qs/-/qs-6.11.0.tgz " ,
        "integridade" : " sha512-MvjoMCJwEarSbUYk5O+nmoSzSutSsTwF85zcHPQ9OrlFoZOYIjaqBAJIqIXjptyD5vThxGq52Xu/MaJzRkIk4Q== " ,
        "dependências" : {
          "canal lateral" : " ^1.0.4 "
        },
        "motores" : {
          "nó" : " >=0.6 "
        },
        "financiamento" : {
          "url" : " https://github.com/sponsors/ljharb "
        }
      },
      "node_modules/range-parser" : {
        "versão" : " 1.2.1 " ,
        "resolvido" : " https://registry.npmjs.org/range-parser/-/range-parser-1.2.1.tgz " ,
        "integridade" : " sha512-Hrgsx+orqoygnmhFbKaHE6c296J+HTAQXoxEF6gNupROmmGJRoyzfG3ccAveqCBrwr/2yxQ5BVd/GTl5agOwSg== " ,
        "motores" : {
          "nó" : " >= 0.6 "
        }
      },
      "node_modules/raw-body" : {
        "versão" : " 2.5.1 " ,
        "resolvido" : " https://registry.npmjs.org/raw-body/-/raw-body-2.5.1.tgz " ,
        "integridade" : " sha512-qqJBtEyVgS0ZmPGdCFPWJ3FreoqvG4MVQln/kCgF7Olq95IbOp0/BWyMwbdtn4VTvkM8Y7khCQ2Xgk/tcrCXig== " ,
        "dependências" : {
          "bytes" : " 3.1.2 " ,
          "http-errors" : " 2.0.0 " ,
          "iconv-lite" : " 0.4.24 " ,
          "unpipe" : " 1.0.0 "
        },
        "motores" : {
          "nó" : " >= 0.8 "
        }
      },
      "node_modules/safe-buffer" : {
        "versão" : " 5.2.1 " ,
        "resolvido" : " https://registry.npmjs.org/safe-buffer/-/safe-buffer-5.2.1.tgz " ,
        "integridade" : " sha512-rp3So07KcdmmKbGvgaNxQSJr7bGVSVk5S9Eq1F+ppbRo70+YeaDxkw5Dd8NPN+GD6bjnYm2VuPuCXmpuYvmCXQ== " ,
        "financiamento" : [
          {
            "tipo" : " github " ,
            "url" : " https://github.com/sponsors/feross "
          },
          {
            "tipo" : " patrão " ,
            "url" : " https://www.patreon.com/feross "
          },
          {
            "tipo" : " consultoria " ,
            "url" : " https://feross.org/support "
          }
        ]
      },
      "node_modules/safer-buffer" : {
        "versão" : " 2.1.2 " ,
        "resolvido" : " https://registry.npmjs.org/safer-buffer/-/safer-buffer-2.1.2.tgz " ,
        "integridade" : " sha512-YZo3K82SD7Riyi0E1EQPojLz7kpepnSQI9IyPbHHg1XXXevb5dJI7tpyN2ADxGcQbHG7vcyRHk0cbwqcQriUtg== "
      },
      "node_modules/enviar" : {
        "versão" : " 0.18.0 " ,
        "resolvido" : " https://registry.npmjs.org/send/-/send-0.18.0.tgz " ,
        "integridade" : " sha512-qqWzuOjSFOuqPjFe4NOsMLafToQQwBSOEpS+FwEt3A2V3vKubTquT3vmLTQpFgMXp8AlFWFuP1qKaJZOtPpVXg== " ,
        "dependências" : {
          "depurar" : " 2.6.9 " ,
          "depd" : " 2.0.0 " ,
          "destruir" : " 1.2.0 " ,
          "encodeurl" : " ~1.0.2 " ,
          "escape-html" : " ~1.0.3 " ,
          "etag" : " ~1.8.1 " ,
          "fresco" : " 0.5.2 " ,
          "http-errors" : " 2.0.0 " ,
          "mime" : " 1.6.0 " ,
          "ms" : " 2.1.3 " ,
          "concluído" : " 2.4.1 " ,
          "range-parser" : " ~1.2.1 " ,
          "status" : " 2.0.1 "
        },
        "motores" : {
          "nó" : " >= 0.8.0 "
        }
      },
      "node_modules/send/node_modules/ms" : {
        "versão" : " 2.1.3 " ,
        "resolvido" : " https://registry.npmjs.org/ms/-/ms-2.1.3.tgz " ,
        "integridade" : " sha512-6FlzubTLZG3J2a/NVCAleEhjzq5oxgHyaCU9yYXvcLsvoVaHJq/s5xXI6/XXP6tz7R9xAOtHnSO/tXtF3WRTlA== "
      },
      "node_modules/serve-static" : {
        "versão" : " 1.15.0 " ,
        "resolvido" : " https://registry.npmjs.org/serve-static/-/serve-static-1.15.0.tgz " ,
        "integridade" : " sha512-XGuRDNjXUijsUL0vl6nSD7cwURuzEgglbOaFuZM9g3kwDXOWVTck0jLzjPzGD+TazWbboZYu52/9/XPdUgne9g== " ,
        "dependências" : {
          "encodeurl" : " ~1.0.2 " ,
          "escape-html" : " ~1.0.3 " ,
          "parseurl" : " ~1.3.3 " ,
          "enviar" : " 0.18.0 "
        },
        "motores" : {
          "nó" : " >= 0.8.0 "
        }
      },
      "node_modules/setprototypeof" : {
        "versão" : " 1.2.0 " ,
        "resolvido" : " https://registry.npmjs.org/setprototypeof/-/setprototypeof-1.2.0.tgz " ,
        "integridade" : " sha512-E5LDX7Wrp85Kil5bhZv46j8jOeboKq5JMmYM3gVGdGH8xFpPWXUMsNrlODCrkoxMEeNi/XZIwuRvY4XNwYMJpw== "
      },
      "node_modules/side-channel" : {
        "versão" : " 1.0.4 " ,
        "resolvido" : " https://registry.npmjs.org/side-channel/-/side-channel-1.0.4.tgz " ,
        "integridade" : " sha512-q5XPytqFEIKHkGdiMIrY10mvLRvnQh42/+GoBlFW3b2LXLE2xxJpZFdm94we0BaoV3RwJyGqg5wS7epxTv0Zvw== " ,
        "dependências" : {
          "call-bind" : " ^1.0.0 " ,
          "get-intrinsic" : " ^1.0.2 " ,
          "object-inspect" : " ^1.9.0 "
        },
        "financiamento" : {
          "url" : " https://github.com/sponsors/ljharb "
        }
      },
      "node_modules/status" : {
        "versão" : " 2.0.1 " ,
        "resolvido" : " https://registry.npmjs.org/statuses/-/statuses-2.0.1.tgz " ,
        "integridade" : " sha512-RwNA9Z/7PrK06rYLIzFMlaF+l73iwpzsqRIFgbMLbTcLD6cOao82TaWefPXQvB2fOC4AjuYSEndS7N/mTCbkdQ== " ,
        "motores" : {
          "nó" : " >= 0.8 "
        }
      },
      "node_modules/toidentifier" : {
        "versão" : " 1.0.1 " ,
        "resolvido" : " https://registry.npmjs.org/toidentifier/-/toidentifier-1.0.1.tgz " ,
        "integridade" : " sha512-o5sSPKEkg/DIQNmH43V0/uerLrpzVedkUh8tGNvaeXpfpuwjKenlSox/2O/BTlZUtEe+JG7s5YhEz608PlAHRA== " ,
        "motores" : {
          "nó" : " >=0.6 "
        }
      },
      "node_modules/type-is" : {
        "versão" : " 1.6.18 " ,
        "resolvido" : " https://registry.npmjs.org/type-is/-/type-is-1.6.18.tgz " ,
        "integridade" : " sha512-TkRKr9sUTxEH8MdfuCSP7VizJyzRNMjj2J2do2Jr3Kym598JVdEksuzPQCnlFPW4ky9Q+iA+ma9BGm06XQBy8g== " ,
        "dependências" : {
          "digitador de mídia" : " 0.3.0 " ,
          "tipos mime" : " ~2.1.24 "
        },
        "motores" : {
          "nó" : " >= 0.6 "
        }
      },
      "node_modules/unpipe" : {
        "versão" : " 1.0.0 " ,
        "resolvido" : " https://registry.npmjs.org/unpipe/-/unpipe-1.0.0.tgz " ,
        "integridade" : " sha512-pjy2bYhSsufwWlKwPc+l3cN7+wuJlK6uz0YdJEOlQDbl6jo/YlPi4mb8agUkVC8BF7V8NuzeyPNqRksA3hztKQ== " ,
        "motores" : {
          "nó" : " >= 0.8 "
        }
      },
      "node_modules/utils-merge" : {
        "versão" : " 1.0.1 " ,
        "resolvido" : " https://registry.npmjs.org/utils-merge/-/utils-merge-1.0.1.tgz " ,
        "integridade" : " sha512-pMZTvIkT1d+TFGvDOqodOclx0QWkkgi6Tdoa8gC8ffGAAqz9pzPTZWAybbsHHoED/ztMtkv/VoYTYyShUn81hA== " ,
        "motores" : {
          "nó" : " >= 0.4.0 "
        }
      },
      "node_modules/vary" : {
        "versão" : " 1.1.2 " ,
        "resolvido" : " https://registry.npmjs.org/vary/-/vary-1.1.2.tgz " ,
        "integridade" : " sha512-BNGbWLfd0eUPabhkXUVm0j8uuvREyTh5ovRa/dyow/BqAbZJyC+5fU+IzQOzmAKzYqYRAISoRhdQr3eIZ/PXqg== " ,
        "motores" : {
          "nó" : " >= 0.8 "
        }
      }
    },
    "dependências" : {
      "aceita" : {
        "versão" : " 1.3.8 " ,
        "resolvido" : " https://registry.npmjs.org/accepts/-/accepts-1.3.8.tgz " ,
        "integridade" : " sha512-PYAthTa2m2VKxuvSD3DPC/Gy+U+sOA1LAuT8mkmRuvw+NACSaeXEQ+NHcVF7rONl6qcaxV3Uuemwawk+7+SJLw== " ,
        "requer" : {
          "tipos mime" : " ~2.1.34 " ,
          "negociador" : " 0.6.3 "
        }
      },
      "array-flatten" : {
        "versão" : " 1.1.1 " ,
        "resolvido" : " https://registry.npmjs.org/array-flatten/-/array-flatten-1.1.1.tgz " ,
        "integridade" : " sha512-PCVAQswWemu6UdxsDFFX/+gVeYqKAod3D3UVm91jHwynguOwAvYPhx8nNlM++NqRcK6CxxpUafjmhIdKiHibqg== "
      },
      "analisador de corpo" : {
        "versão" : " 1.20.1 " ,
        "resolvido" : " https://registry.npmjs.org/body-parser/-/body-parser-1.20.1.tgz " ,
        "integridade" : " sha512-jWi7abTbYwajOytWCQc37VulmWiRae5RyTpaCyDcS5/lMdtwSz5lOpDE67srw/HYe35f1z3fDQw+3txg7gNtWw== " ,
        "requer" : {
          "bytes" : " 3.1.2 " ,
          "tipo de conteúdo" : " ~1.0.4 " ,
          "depurar" : " 2.6.9 " ,
          "depd" : " 2.0.0 " ,
          "destruir" : " 1.2.0 " ,
          "http-errors" : " 2.0.0 " ,
          "iconv-lite" : " 0.4.24 " ,
          "concluído" : " 2.4.1 " ,
          "qs" : " 6.11.0 " ,
          "corpo bruto" : " 2.5.1 " ,
          "type-is" : " ~1.6.18 " ,
          "unpipe" : " 1.0.0 "
        }
      },
      "bytes" : {
        "versão" : " 3.1.2 " ,
        "resolvido" : " https://registry.npmjs.org/bytes/-/bytes-3.1.2.tgz " ,
        "integridade" : " sha512-/Nf7TyzTx6S3yRJObOAV7956r8cr2+Oj8AC5dt8wSP3BQAoeX58NoHyCU8P8zGkNXStjTSi6fzO6F0pBdcYbEg== "
      },
      "ligação de chamada" : {
        "versão" : " 1.0.2 " ,
        "resolvido" : " https://registry.npmjs.org/call-bind/-/call-bind-1.0.2.tgz " ,
        "integridade" : " sha512-7O+FbCihrB5WGbFYesctwmTKae6rOiIzmz1icreWJ+0aA7LJfuqhEso2T9ncpcFtzMQtzXf2QGGueWJGTYsqrA== " ,
        "requer" : {
          "função-bind" : " ^1.1.1 " ,
          "get-intrinsic" : " ^1.0.2 "
        }
      },
      "disposição de conteúdo" : {
        "versão" : " 0.5.4 " ,
        "resolvido" : " https://registry.npmjs.org/content-disposition/-/content-disposition-0.5.4.tgz " ,
        "integridade" : " sha512-FveZTNuGw04cxlAiWbzi6zTAL/lhehaWbTtgluJh4/E95DqMwTmha3KZN1aAWA8cFIhHzMZUvLevkw5Rqk+tSQ== " ,
        "requer" : {
          "safe-buffer" : " 5.2.1 "
        }
      },
      "tipo de conteúdo" : {
        "versão" : " 1.0.4 " ,
        "resolvido" : " https://registry.npmjs.org/content-type/-/content-type-1.0.4.tgz " ,
        "integridade" : " sha512-hIP3EEPs8tB9AT1L+NUqtwOAps4mk2Zob89MWXMHjHWg9milF/j4osnnQLXBCBFBk/tvIG/tUc9mOUJiPBhPXA== "
      },
      "biscoito" : {
        "versão" : " 0.5.0 " ,
        "resolvido" : " https://registry.npmjs.org/cookie/-/cookie-0.5.0.tgz " ,
        "integridade" : " sha512-YZ3GUyn/o8gfKJlnlX7g7xq4gyO6OSuhGPKaaGssGB2qgDUS0gPgtTvoyZLTt9Ab6dC4hfc9dV5arkvc/OCmrw== "
      },
      "assinatura de cookie" : {
        "versão" : " 1.0.6 " ,
        "resolvido" : " https://registry.npmjs.org/cookie-signature/-/cookie-signature-1.0.6.tgz " ,
        "integridade" : " sha512-QADzlaHc8icV8I7vbaJXJwod9HWYp8uCqf1xa4OfNu1T7JVxQIrUgOWtHdNDtPiywmFbiS12VjotIXLrKM3orQ== "
      },
      "depurar" : {
        "versão" : " 2.6.9 " ,
        "resolvido" : " https://registry.npmjs.org/debug/-/debug-2.6.9.tgz " ,
        "integridade" : " sha512-bC7ElrdJaJnPbAP+1EotYvqZsb3ecl5wi6Bfi6BJTUcNowp6cvspg0jXznRTKDjm/E7AdgFBVeAPVMNcKGsHMA== " ,
        "requer" : {
          "ms" : " 2.0.0 "
        }
      },
      "depd" : {
        "versão" : " 2.0.0 " ,
        "resolvido" : " https://registry.npmjs.org/depd/-/depd-2.0.0.tgz " ,
        "integridade" : " sha512-g7nH6P6dyDioJogAAGprGpCtVImJhpPk/roCzdb3fIh61/s/nPsfR6onyMwkCAR/OlC3yBC0lESvUoQEAssIrw== "
      },
      "destruir" : {
        "versão" : " 1.2.0 " ,
        "resolvido" : " https://registry.npmjs.org/destroy/-/destroy-1.2.0.tgz " ,
        "integridade" : " sha512-2sJGJTaXIIaR1w4iJSNoN0hnMY7Gpc/n8D4qSCJw8QqFWXf7cuAgnEHxBpweaVcPevC2l3KpjYCx3NypQQgaJg== "
      },
      "ee-primeiro" : {
        "versão" : " 1.1.1 " ,
        "resolvido" : " https://registry.npmjs.org/ee-first/-/ee-first-1.1.1.tgz " ,
        "integridade" : " sha512-WMwm9LhRUo+WUaRN+vRuETqG89IgZphVSNkdFgeb6sS/E4OrDIN7t48CAewSHXc6C8lefD8KKfr5vY61brQlow== "
      },
      "encodeurl" : {
        "versão" : " 1.0.2 " ,
        "resolvido" : " https://registry.npmjs.org/encodeurl/-/encodeurl-1.0.2.tgz " ,
        "integridade" : " sha512-TPJXq8JqFaVYm2CWmPvnP2Iyo4ZSM7/QKcSmuMLDObfpH5fi7RUGmd/rTDf+rut/saiDiQEeVTNgAmJEdAOx0w== "
      },
      "escape-html" : {
        "versão" : " 1.0.3 " ,
        "resolvido" : " https://registry.npmjs.org/escape-html/-/escape-html-1.0.3.tgz " ,
        "integridade" : " sha512-NiSupZ4OeuGwr68lGIeym/ksIZMJodUGOSCZ/FSnTxcrekbvqrgdUxlJOMpijaKZVjAJrWrGs/6Jy8OMuyj9ow== "
      },
      "etag" : {
        "versão" : " 1.8.1 " ,
        "resolvido" : " https://registry.npmjs.org/etag/-/etag-1.8.1.tgz " ,
        "integridade" : " sha512-aIL5Fx7mawVa300al2BnEE4iNvo1qETxLrPI/o05L7z6go7fCw1J6EQmbK4FmJ2AS7kgVF/KEZWufBfdClMcPg== "
      },
      "expresso" : {
        "versão" : " 4.18.2 " ,
        "resolvido" : " https://registry.npmjs.org/express/-/express-4.18.2.tgz " ,
        "integridade" : " sha512-5/PsL6iGPdfQ/lKM1UuielYgv3BUoJfz1aUwU9vHZ+J7gyvwdQXFEBIEIaxeGf0GIcreATNyBExtalisDbuMqQ== " ,
        "requer" : {
          "aceita" : " ~1.3.8 " ,
          "array-flatten" : " 1.1.1 " ,
          "analisador de corpo" : " 1.20.1 " ,
          "disposição de conteúdo" : " 0.5.4 " ,
          "tipo de conteúdo" : " ~1.0.4 " ,
          "cookie" : " 0.5.0 " ,
          "assinatura de cookie" : " 1.0.6 " ,
          "depurar" : " 2.6.9 " ,
          "depd" : " 2.0.0 " ,
          "encodeurl" : " ~1.0.2 " ,
          "escape-html" : " ~1.0.3 " ,
          "etag" : " ~1.8.1 " ,
          "finalhandler" : " 1.2.0 " ,
          "fresco" : " 0.5.2 " ,
          "http-errors" : " 2.0.0 " ,
          "descritores de mesclagem" : " 1.0.1 " ,
          "métodos" : " ~1.1.2 " ,
          "concluído" : " 2.4.1 " ,
          "parseurl" : " ~1.3.3 " ,
          "path-to-regexp" : " 0.1.7 " ,
          "proxy-addr" : " ~2.0.7 " ,
          "qs" : " 6.11.0 " ,
          "range-parser" : " ~1.2.1 " ,
          "buffer seguro" : " 5.2.1 " ,
          "enviar" : " 0.18.0 " ,
          "serve-static" : " 1.15.0 " ,
          "setprototypeof" : " 1.2.0 " ,
          "status" : " 2.0.1 " ,
          "type-is" : " ~1.6.18 " ,
          "utils-merge" : " 1.0.1 " ,
          "variar" : " ~1.1.2 "
        }
      },
      "manipulador final" : {
        "versão" : " 1.2.0 " ,
        "resolvido" : " https://registry.npmjs.org/finalhandler/-/finalhandler-1.2.0.tgz " ,
        "integridade" : " sha512-5uXcUVftlQMFnWC9qu/svkWv3GTd2PfUhK/3PLkYNAe7FbqJMt3515HaxE6eRL74GdsriiwujiawdaB1BpEISg== " ,
        "requer" : {
          "depurar" : " 2.6.9 " ,
          "encodeurl" : " ~1.0.2 " ,
          "escape-html" : " ~1.0.3 " ,
          "concluído" : " 2.4.1 " ,
          "parseurl" : " ~1.3.3 " ,
          "status" : " 2.0.1 " ,
          "unpipe" : " ~1.0.0 "
        }
      },
      "encaminhado" : {
        "versão" : " 0.2.0 " ,
        "resolvido" : " https://registry.npmjs.org/forwarded/-/forwarded-0.2.0.tgz " ,
        "integridade" : " sha512-buRG0fpBtRHSTCOASe6hD258tEubFoRLb4ZNA6NxMVHNw2gOcwHo9wyablzMzOA5z9xA9L1KNjk/Nt6MT9aYow== "
      },
      "fresco" : {
        "versão" : " 0.5.2 " ,
        "resolvido" : " https://registry.npmjs.org/fresh/-/fresh-0.5.2.tgz " ,
        "integridade" : " sha512-zJ2mQYM18rEFOudeV4GShTGIQ7RbzA7ozbU9I/XBpm7kqgMywgmylMwXHxZJmkVoYkna9d2pVXVXPdYTP9ej8Q== "
      },
      "bind de função" : {
        "versão" : " 1.1.1 " ,
        "resolvido" : " https://registry.npmjs.org/function-bind/-/function-bind-1.1.1.tgz " ,
        "integridade" : " sha512-yIovAzMX49sF8Yl58fSCWJ5svSLuaibPxXQJFLmBObTuCr0Mf1KiPopGM9NiFjiYBCbfaa2Fh6breQ6ANVTI0A== "
      },
      "get-intrínseco" : {
        "versão" : " 1.2.0 " ,
        "resolvido" : " https://registry.npmjs.org/get-intrinsic/-/get-intrinsic-1.2.0.tgz " ,
        "integridade" : " sha512-L049y6nFOuom5wGyRc3/gdTLO94dySVKRACj1RmJZBQXlbTMhtNIgkWkUHq+jYmZvKf14EW1EoJnnjbmoHij0Q== " ,
        "requer" : {
          "função-bind" : " ^1.1.1 " ,
          "tem" : " ^1.0.3 " ,
          "tem-símbolos" : " ^1.0.3 "
        }
      },
      "tem" : {
        "versão" : " 1.0.3 " ,
        "resolvido" : " https://registry.npmjs.org/has/-/has-1.0.3.tgz " ,
        "integridade" : " sha512-f2dvO0VU6Oej7RkWJGrehjbzMAjFp5/VKPp5tTpWIV4JHHZK1/BxbFRtf/siA2SWTe09caDmVtYYzWEIbBS4zw== " ,
        "requer" : {
          "função-bind" : " ^1.1.1 "
        }
      },
      "tem-símbolos" : {
        "versão" : " 1.0.3 " ,
        "resolvido" : " https://registry.npmjs.org/has-symbols/-/has-symbols-1.0.3.tgz " ,
        "integridade" : " sha512-l3LCuF6MgDNwTDKkdYGEihYjt5pRPbEg46rtlmnSPlUbgmB8LOIrKJbYYFBSbnPaJexMKtiPO8hmeRjRz2Td+A== "
      },
      "erros de http" : {
        "versão" : " 2.0.0 " ,
        "resolvido" : " https://registry.npmjs.org/http-errors/-/http-errors-2.0.0.tgz " ,
        "integridade" : " sha512-FtwrG/euBzaEjYeRqOgly7G0qviiXoJWnvEH2Z1plBdXgbyjv34pHTSb9zoeHMyDy33+DWy5Wt9Wo+TURtOYSQ== " ,
        "requer" : {
          "depd" : " 2.0.0 " ,
          "herda" : " 2.0.4 " ,
          "setprototypeof" : " 1.2.0 " ,
          "status" : " 2.0.1 " ,
          "toidentifier" : " 1.0.1 "
        }
      },
      "iconv-lite" : {
        "versão" : " 0.4.24 " ,
        "resolvido" : " https://registry.npmjs.org/iconv-lite/-/iconv-lite-0.4.24.tgz " ,
        "integridade" : " sha512-v3MXnZAcvnywkTUEZomIActle7RXXeedOR31wwl7VlyoXO4Qi9arvSenNQWne1TcRwhCL1HwLI21bEqdpj8/rA== " ,
        "requer" : {
          "safer-buffer" : " >= 2.1.2 < 3 "
        }
      },
      "herda" : {
        "versão" : " 2.0.4 " ,
        "resolvido" : " https://registry.npmjs.org/inherits/-/inherits-2.0.4.tgz " ,
        "integridade" : " sha512-k/vGaX4/Yla3WzyMCvTQOXYeIHvqOKtnqBduzTHpzpQZzAskKMhZ2K+EnBiSM9zGSoIFeMpXKxa4dYeZIQqewQ== "
      },
      "ipaddr.js" : {
        "versão" : " 1.9.1 " ,
        "resolvido" : " https://registry.npmjs.org/ipaddr.js/-/ipaddr.js-1.9.1.tgz " ,
        "integridade" : " sha512-0KI/607xoxSToH7GjN1FfSbLoU0+btTicjsQSWQlh/hZykN8KpmMf7uYwPW3R+akZ6R/w18ZlXSHBYXiYUPO3g== "
      },
      "digitador de mídia" : {
        "versão" : " 0.3.0 " ,
        "resolvido" : " https://registry.npmjs.org/media-typer/-/media-typer-0.3.0.tgz " ,
        "integridade" : " sha512-dq+qelQ9akHpcOl/gUVRTxVIOkAJ1wR3QAvb4RsVjS8oVoFjDGTc679wJYmUmknUF5HwMLOgb5O+a3KxfWapPQ== "
      },
      "descritores de mesclagem" : {
        "versão" : " 1.0.1 " ,
        "resolvido" : " https://registry.npmjs.org/merge-descriptors/-/merge-descriptors-1.0.1.tgz " ,
        "integridade" : " sha512-cCi6g3/Zr1iqQi6ySbseM1Xvooa98N0w31jzUYrXPX2xqObmFGHJ0tQ5u74H3mVh7wLouTseZyYIq39g8cNp1w== "
      },
      "métodos" : {
        "versão" : " 1.1.2 " ,
        "resolvido" : " https://registry.npmjs.org/methods/-/methods-1.1.2.tgz " ,
        "integridade" : " sha512-iclAHeNqNm68zFtnZ0e+1L2yUIdvzNoauKU4WBA3VvH/vPFieF7qfRlwUZU+DA9P9bPXIS90ulxoUoCH23sV2w== "
      },
      "mímica" : {
        "versão" : " 1.6.0 " ,
        "resolvido" : " https://registry.npmjs.org/mime/-/mime-1.6.0.tgz " ,
        "integridade" : " sha512-x0Vn8spI+wuJ1O6S7gnbaQg8Pxh4NNHb7KSINmEWKiPE4RKOplvijn+NkmYmmRgP68mc70j2EbeTFRsrswaQeg== "
      },
      "mime-db" : {
        "versão" : " 1.52.0 " ,
        "resolvido" : " https://registry.npmjs.org/mime-db/-/mime-db-1.52.0.tgz " ,
        "integridade" : " sha512-sPU4uV7dYlvtWJxwwxHD0PuihVNiE7TyAbQ5SWxDCB9mUYvOgroQOwYQQOKPJ8CIbE+1ETVlOoK1UC2nU3gYvg== "
      },
      "tipos mime" : {
        "versão" : " 2.1.35 " ,
        "resolvido" : " https://registry.npmjs.org/mime-types/-/mime-types-2.1.35.tgz " ,
        "integridade" : " sha512-ZDY+bPm5zTTF+YpCrAU9nK0UgICYPT0QtT1NZWFv4s++TNkcgVaT0g6+4R2uI4MjQjzysHB1zxuWL50hzaeXiw== " ,
        "requer" : {
          "mime-db" : " 1.52.0 "
        }
      },
      "ms" : {
        "versão" : " 2.0.0 " ,
        "resolvido" : " https://registry.npmjs.org/ms/-/ms-2.0.0.tgz " ,
        "integridade" : " sha512-Tpp60P6IUJDTuOq/5Z8cdskzJujfwqfOTkrwIwj7IRISpnkJnT6SyJ4PCPnGMoFjC9ddhal5KVIYtAt97ix05A== "
      },
      "negociador" : {
        "versão" : " 0.6.3 " ,
        "resolvido" : " https://registry.npmjs.org/negotiator/-/negotiator-0.6.3.tgz " ,
        "integridade" : " sha512-+EUsqGPLsM+j/zdChZjsnX51g4XrHFOIXwfnCVPGlQk/k5giakcKsuxCObBRu6DSm9opw/O6slWbJdghQM4bBg== "
      },
      "objeto-inspecionar" : {
        "versão" : " 1.12.3 " ,
        "resolvido" : " https://registry.npmjs.org/object-inspect/-/object-inspect-1.12.3.tgz " ,
        "integridade" : " sha512-geUvdk7c+eizMNUDkRpW1wJwgfOiOeHbxBR/hLXK1aT6zmVSO0jsQcs7fj6MGw89jC/cjGfLcNOrtMYtGqm81g== "
      },
      "concluído" : {
        "versão" : " 2.4.1 " ,
        "resolvido" : " https://registry.npmjs.org/on-finished/-/on-finished-2.4.1.tgz " ,
        "integridade" : " sha512-oVlzkg3ENAhCk2zdv7IJwd/QUD4z2RxRwpkcGY8psCVcCYZNq4wYnVWALHM+brtuJjePWiYF/ClmuDr8Ch5+kg== " ,
        "requer" : {
          "ee-first" : " 1.1.1 "
        }
      },
      "parseurl" : {
        "versão" : " 1.3.3 " ,
        "resolvido" : " https://registry.npmjs.org/parseurl/-/parseurl-1.3.3.tgz " ,
        "integridade" : " sha512-CiyeOxFT/JZyN5m0z9PfXw4SCBJ6Sygz1Dpl0wqjlhDEGGBP1GnsUVEL0p63hoG1fcj3fHynXi9NYO4nWOL+qQ== "
      },
      "caminho para regexp" : {
        "versão" : " 0.1.7 " ,
        "resolvido" : " https://registry.npmjs.org/path-to-regexp/-/path-to-regexp-0.1.7.tgz " ,
        "integridade" : " sha512-5DFkuoqlv1uYQKxy8omFBeJPQcdoE07Kv2sferDCrAq1ohOU+MSDswDIbnx3YAM60qIonYa53wBhXW0EbMonrQ== "
      },
      "proxy-addr" : {
        "versão" : " 2.0.7 " ,
        "resolvido" : " https://registry.npmjs.org/proxy-addr/-/proxy-addr-2.0.7.tgz " ,
        "integridade" : " sha512-llQsMLSUDUPT44jdrU/O37qlnifitDP+ZwrmmZcoSKyLKvtZxpyV0n2/bD/N4tBAAZ/gJEdZU7KMraoK1+XYAg== " ,
        "requer" : {
          "encaminhado" : " 0.2.0 " ,
          "ipaddr.js" : " 1.9.1 "
        }
      },
      "qs" : {
        "versão" : " 6.11.0 " ,
        "resolvido" : " https://registry.npmjs.org/qs/-/qs-6.11.0.tgz " ,
        "integridade" : " sha512-MvjoMCJwEarSbUYk5O+nmoSzSutSsTwF85zcHPQ9OrlFoZOYIjaqBAJIqIXjptyD5vThxGq52Xu/MaJzRkIk4Q== " ,
        "requer" : {
          "canal lateral" : " ^1.0.4 "
        }
      },
      "analisador de intervalo" : {
        "versão" : " 1.2.1 " ,
        "resolvido" : " https://registry.npmjs.org/range-parser/-/range-parser-1.2.1.tgz " ,
        "integridade" : " sha512-Hrgsx+orqoygnmhFbKaHE6c296J+HTAQXoxEF6gNupROmmGJRoyzfG3ccAveqCBrwr/2yxQ5BVd/GTl5agOwSg== "
      },
      "corpo cru" : {
        "versão" : " 2.5.1 " ,
        "resolvido" : " https://registry.npmjs.org/raw-body/-/raw-body-2.5.1.tgz " ,
        "integridade" : " sha512-qqJBtEyVgS0ZmPGdCFPWJ3FreoqvG4MVQln/kCgF7Olq95IbOp0/BWyMwbdtn4VTvkM8Y7khCQ2Xgk/tcrCXig== " ,
        "requer" : {
          "bytes" : " 3.1.2 " ,
          "http-errors" : " 2.0.0 " ,
          "iconv-lite" : " 0.4.24 " ,
          "unpipe" : " 1.0.0 "
        }
      },
      "buffer seguro" : {
        "versão" : " 5.2.1 " ,
        "resolvido" : " https://registry.npmjs.org/safe-buffer/-/safe-buffer-5.2.1.tgz " ,
        "integridade" : " sha512-rp3So07KcdmmKbGvgaNxQSJr7bGVSVk5S9Eq1F+ppbRo70+YeaDxkw5Dd8NPN+GD6bjnYm2VuPuCXmpuYvmCXQ== "
      },
      "buffer mais seguro" : {
        "versão" : " 2.1.2 " ,
        "resolvido" : " https://registry.npmjs.org/safer-buffer/-/safer-buffer-2.1.2.tgz " ,
        "integridade" : " sha512-YZo3K82SD7Riyi0E1EQPojLz7kpepnSQI9IyPbHHg1XXXevb5dJI7tpyN2ADxGcQbHG7vcyRHk0cbwqcQriUtg== "
      },
      "enviar" : {
        "versão" : " 0.18.0 " ,
        "resolvido" : " https://registry.npmjs.org/send/-/send-0.18.0.tgz " ,
        "integridade" : " sha512-qqWzuOjSFOuqPjFe4NOsMLafToQQwBSOEpS+FwEt3A2V3vKubTquT3vmLTQpFgMXp8AlFWFuP1qKaJZOtPpVXg== " ,
        "requer" : {
          "depurar" : " 2.6.9 " ,
          "depd" : " 2.0.0 " ,
          "destruir" : " 1.2.0 " ,
          "encodeurl" : " ~1.0.2 " ,
          "escape-html" : " ~1.0.3 " ,
          "etag" : " ~1.8.1 " ,
          "fresco" : " 0.5.2 " ,
          "http-errors" : " 2.0.0 " ,
          "mime" : " 1.6.0 " ,
          "ms" : " 2.1.3 " ,
          "concluído" : " 2.4.1 " ,
          "range-parser" : " ~1.2.1 " ,
          "status" : " 2.0.1 "
        },
        "dependências" : {
          "ms" : {
            "versão" : " 2.1.3 " ,
            "resolvido" : " https://registry.npmjs.org/ms/-/ms-2.1.3.tgz " ,
            "integridade" : " sha512-6FlzubTLZG3J2a/NVCAleEhjzq5oxgHyaCU9yYXvcLsvoVaHJq/s5xXI6/XXP6tz7R9xAOtHnSO/tXtF3WRTlA== "
          }
        }
      },
      "serve-static" : {
        "versão" : " 1.15.0 " ,
        "resolvido" : " https://registry.npmjs.org/serve-static/-/serve-static-1.15.0.tgz " ,
        "integridade" : " sha512-XGuRDNjXUijsUL0vl6nSD7cwURuzEgglbOaFuZM9g3kwDXOWVTck0jLzjPzGD+TazWbboZYu52/9/XPdUgne9g== " ,
        "requer" : {
          "encodeurl" : " ~1.0.2 " ,
          "escape-html" : " ~1.0.3 " ,
          "parseurl" : " ~1.3.3 " ,
          "enviar" : " 0.18.0 "
        }
      },
      "setprototypeof" : {
        "versão" : " 1.2.0 " ,
        "resolvido" : " https://registry.npmjs.org/setprototypeof/-/setprototypeof-1.2.0.tgz " ,
        "integridade" : " sha512-E5LDX7Wrp85Kil5bhZv46j8jOeboKq5JMmYM3gVGdGH8xFpPWXUMsNrlODCrkoxMEeNi/XZIwuRvY4XNwYMJpw== "
      },
      "canal lateral" : {
        "versão" : " 1.0.4 " ,
        "resolvido" : " https://registry.npmjs.org/side-channel/-/side-channel-1.0.4.tgz " ,
        "integridade" : " sha512-q5XPytqFEIKHkGdiMIrY10mvLRvnQh42/+GoBlFW3b2LXLE2xxJpZFdm94we0BaoV3RwJyGqg5wS7epxTv0Zvw== " ,
        "requer" : {
          "call-bind" : " ^1.0.0 " ,
          "get-intrinsic" : " ^1.0.2 " ,
          "object-inspect" : " ^1.9.0 "
        }
      },
      "estados" : {
        "versão" : " 2.0.1 " ,
        "resolvido" : " https://registry.npmjs.org/statuses/-/statuses-2.0.1.tgz " ,
        "integridade" : " sha512-RwNA9Z/7PrK06rYLIzFMlaF+l73iwpzsqRIFgbMLbTcLD6cOao82TaWefPXQvB2fOC4AjuYSEndS7N/mTCbkdQ== "
      },
      "toidentifier" : {
        "versão" : " 1.0.1 " ,
        "resolvido" : " https://registry.npmjs.org/toidentifier/-/toidentifier-1.0.1.tgz " ,
        "integridade" : " sha512-o5sSPKEkg/DIQNmH43V0/uerLrpzVedkUh8tGNvaeXpfpuwjKenlSox/2O/BTlZUtEe+JG7s5YhEz608PlAHRA== "
      },
      "tipo-é" : {
        "versão" : " 1.6.18 " ,
        "resolvido" : " https://registry.npmjs.org/type-is/-/type-is-1.6.18.tgz " ,
        "integridade" : " sha512-TkRKr9sUTxEH8MdfuCSP7VizJyzRNMjj2J2do2Jr3Kym598JVdEksuzPQCnlFPW4ky9Q+iA+ma9BGm06XQBy8g== " ,
        "requer" : {
          "digitador de mídia" : " 0.3.0 " ,
          "tipos mime" : " ~2.1.24 "
        }
      },
      "desencadear" : {
        "versão" : " 1.0.0 " ,
        "resolvido" : " https://registry.npmjs.org/unpipe/-/unpipe-1.0.0.tgz " ,
        "integridade" : " sha512-pjy2bYhSsufwWlKwPc+l3cN7+wuJlK6uz0YdJEOlQDbl6jo/YlPi4mb8agUkVC8BF7V8NuzeyPNqRksA3hztKQ== "
      },
      "utils-merge" : {
        "versão" : " 1.0.1 " ,
        "resolvido" : " https://registry.npmjs.org/utils-merge/-/utils-merge-1.0.1.tgz " ,
        "integridade" : " sha512-pMZTvIkT1d+TFGvDOqodOclx0QWkkgi6Tdoa8gC8ffGAAqz9pzPTZWAybbsHHoED/ztMtkv/VoYTYyShUn81hA== "
      },
      "variar" : {
        "versão" : " 1.1.2 " ,
        "resolvido" : " https://registry.npmjs.org/vary/-/vary-1.1.2.tgz " ,
        "integridade" : " sha512-BNGbWLfd0eUPabhkXUVm0j8uuvREyTh5ovRa/dyow/BqAbZJyC+5fU+IzQOzmAKzYqYRAISoRhdQr3eIZ/PXqg== "
      }
    }
  }